{
  "name": "remimichel.fr",
  "version": "1.0.0",
  "lockfileVersion": 1,
  "requires": true,
  "dependencies": {
    "axios": {
      "version": "0.21.1",
      "resolved": "https://registry.npmjs.org/axios/-/axios-0.21.1.tgz",
      "integrity": "sha512-dKQiRHxGD9PPRIUNIWvZhPTPpl1rf/OxTYKsqKUDjBwYylTvV7SjSHJb9ratfyzM6wCdLCOYLzs73qpg5c4iGA==",
      "requires": {
        "follow-redirects": "^1.10.0"
      },
      "dependencies": {
        "follow-redirects": {
          "version": "1.13.1",
          "resolved": "https://registry.npmjs.org/follow-redirects/-/follow-redirects-1.13.1.tgz",
          "integrity": "sha512-SSG5xmZh1mkPGyKzjZP8zLjltIfpW32Y5QpdNJyjcfGxK3qo3NDDkZOZSFiGn1A6SclQxY9GzEwAHQ3dmYRWpg=="
        }
      }
    },
    "body-parser": {
      "version": "1.19.0",
      "resolved": "https://registry.npmjs.org/body-parser/-/body-parser-1.19.0.tgz",
      "integrity": "sha512-dhEPs72UPbDnAQJ9ZKMNTP6ptJaionhP5cBb541nXPlW60Jepo9RV/a4fX4XWW9CuFNK22krhrj1+rgzifNCsw==",
      "dependencies": {
        "debug": {
          "version": "2.6.9",
          "resolved": "https://registry.npmjs.org/debug/-/debug-2.6.9.tgz",
          "integrity": "sha512-bC7ElrdJaJnPbAP+1EotYvqZsb3ecl5wi6Bfi6BJTUcNowp6cvspg0jXznRTKDjm/E7AdgFBVeAPVMNcKGsHMA=="
        }
      }
    },
    "compression": {
      "version": "1.7.4",
      "resolved": "https://registry.npmjs.org/compression/-/compression-1.7.4.tgz",
      "integrity": "sha512-jaSIDzP9pZVS4ZfQ+TzvtiWhdpFhE2RDHz8QJkpX9SIpLq88VueF5jJw6t+6CUQcAoA6t+x89MLrWAqpfDE8iQ==",
      "dependencies": {
        "bytes": {
          "version": "3.0.0",
          "resolved": "https://registry.npmjs.org/bytes/-/bytes-3.0.0.tgz",
          "integrity": "sha1-0ygVQE1olpn4Wk6k+odV3ROpYEg="
        },
        "debug": {
          "version": "2.6.9",
          "resolved": "https://registry.npmjs.org/debug/-/debug-2.6.9.tgz",
          "integrity": "sha512-bC7ElrdJaJnPbAP+1EotYvqZsb3ecl5wi6Bfi6BJTUcNowp6cvspg0jXznRTKDjm/E7AdgFBVeAPVMNcKGsHMA=="
        }
      }
    },
    "dotenv": {
      "version": "8.1.0",
      "resolved": "https://registry.npmjs.org/dotenv/-/dotenv-8.1.0.tgz",
      "integrity": "sha512-GUE3gqcDCaMltj2++g6bRQ5rBJWtkWTmqmD0fo1RnnMuUqHNCt2oTPeDnS9n6fKYvlhn7AeBkb38lymBtWBQdA=="
    },
    "express": {
      "version": "4.17.1",
      "resolved": "https://registry.npmjs.org/express/-/express-4.17.1.tgz",
      "integrity": "sha512-mHJ9O79RqluphRrcw2X/GTh3k9tVv8YcoyY4Kkh4WDMUYKRZUq0h1o0w2rrrxBqM7VoeUVqgb27xlEMXTnYt4g==",
      "dependencies": {
        "debug": {
          "version": "2.6.9",
          "resolved": "https://registry.npmjs.org/debug/-/debug-2.6.9.tgz",
          "integrity": "sha512-bC7ElrdJaJnPbAP+1EotYvqZsb3ecl5wi6Bfi6BJTUcNowp6cvspg0jXznRTKDjm/E7AdgFBVeAPVMNcKGsHMA=="
        }
      }
    },
    "node-mailjet": {
      "version": "3.3.1",
      "resolved": "https://registry.npmjs.org/node-mailjet/-/node-mailjet-3.3.1.tgz",
      "integrity": "sha512-MMKE5e1vKv3/GMUa6GRZu4rloSNx3Aa/XlOzjr1P7jo9HFSDgzM1V7Tyi/p2/zPzt1nS5BT2vwiaV+YA8l0BcA=="
    },
    "node-sass": {
      "version": "4.12.0",
      "resolved": "https://registry.npmjs.org/node-sass/-/node-sass-4.12.0.tgz",
      "integrity": "sha512-A1Iv4oN+Iel6EPv77/HddXErL2a+gZ4uBeZUy+a8O35CFYTXhgA8MgLCWBtwpGZdCvTvQ9d+bQxX/QC36GDPpQ==",
      "dev": true,
      "dependencies": {
        "ansi-regex": {
          "version": "2.1.1",
          "resolved": "https://registry.npmjs.org/ansi-regex/-/ansi-regex-2.1.1.tgz",
          "integrity": "sha1-w7M6te42DYbg5ijwRorn7yfWVN8="
        },
        "ansi-styles": {
          "version": "2.2.1",
          "resolved": "https://registry.npmjs.org/ansi-styles/-/ansi-styles-2.2.1.tgz",
          "integrity": "sha1-tDLdM1i2NM914eRmQ2gkBTPB3b4="
        },
        "chalk": {
          "version": "1.1.3",
          "resolved": "https://registry.npmjs.org/chalk/-/chalk-1.1.3.tgz",
          "integrity": "sha1-qBFcVeSnAv5NFQq9OHKCKn4J/Jg="
        },
        "cross-spawn": {
          "version": "3.0.1",
          "resolved": "https://registry.npmjs.org/cross-spawn/-/cross-spawn-3.0.1.tgz",
          "integrity": "sha1-ElYDfsufDF9549bvE14wdwGEuYI="
        },
        "strip-ansi": {
          "version": "3.0.1",
          "resolved": "https://registry.npmjs.org/strip-ansi/-/strip-ansi-3.0.1.tgz",
          "integrity": "sha1-ajhfuIU9lS1f8F0Oiq+UJ43GPc8="
        },
        "supports-color": {
          "version": "2.0.0",
          "resolved": "https://registry.npmjs.org/supports-color/-/supports-color-2.0.0.tgz",
          "integrity": "sha1-U10EXOa2Nj+kARcIRimZXp3zJMc="
        }
      }
    },
    "nodemailer": {
      "version": "4.7.0",
      "resolved": "https://registry.npmjs.org/nodemailer/-/nodemailer-4.7.0.tgz",
      "integrity": "sha512-IludxDypFpYw4xpzKdMAozBSkzKHmNBvGanUREjJItgJ2NYcK/s8+PggVhj7c2yGFQykKsnnmv1+Aqo0ZfjHmw=="
    },
    "parcel-bundler": {
      "version": "1.12.3",
      "resolved": "https://registry.npmjs.org/parcel-bundler/-/parcel-bundler-1.12.3.tgz",
      "integrity": "sha512-8bq6lj0hhQeGxD9f9xEkFMXQ3d8TIlf2+isKxoi9bciB0KVEILRGllaPkUgp++5t0anToBh9+tG6ZyInXOC1/A=="
    },
    "quill": {
      "version": "1.3.7",
      "resolved": "https://registry.npmjs.org/quill/-/quill-1.3.7.tgz",
      "integrity": "sha512-hG/DVzh/TiknWtE6QmWAF/pxoZKYxfe3J/d/+ShUWkDvvkZQVTPeVmUJVu1uE6DDooC4fWTiCLh84ul89oNz5g=="
    },
    "zenscroll": {
      "version": "4.0.2",
      "resolved": "https://registry.npmjs.org/zenscroll/-/zenscroll-4.0.2.tgz",
      "integrity": "sha1-6NV3TRwHOKR7z6hynzcS4t7d6yU="
    }
  }
}
